
Microsoft Visual Studio Solution File, Format Version 12.00
# Visual Studio Version 17
VisualStudioVersion = 17.13.35931.197 d17.13
MinimumVisualStudioVersion = 10.0.40219.1
Project("{FAE04EC0-301F-11D3-BF4B-00C04F79EFBC}") = "authECCApi", "authECCApi.csproj", "{D50EC000-B0F2-4043-AB66-97EB7F3CED58}"
EndProject
Global
	GlobalSection(SolutionConfigurationPlatforms) = preSolution
		Debug|Any CPU = Debug|Any CPU
		Release|Any CPU = Release|Any CPU
	EndGlobalSection
	GlobalSection(ProjectConfigurationPlatforms) = postSolution
		{D50EC000-B0F2-4043-AB66-97EB7F3CED58}.Debug|Any CPU.ActiveCfg = Debug|Any CPU
		{D50EC000-B0F2-4043-AB66-97EB7F3CED58}.Debug|Any CPU.Build.0 = Debug|Any CPU
		{D50EC000-B0F2-4043-AB66-97EB7F3CED58}.Release|Any CPU.ActiveCfg = Release|Any CPU
		{D50EC000-B0F2-4043-AB66-97EB7F3CED58}.Release|Any CPU.Build.0 = Release|Any CPU
	EndGlobalSection
	GlobalSection(SolutionProperties) = preSolution
		HideSolutionNode = FALSE
	EndGlobalSection
	GlobalSection(ExtensibilityGlobals) = postSolution
		SolutionGuid = {A39D28A6-41FD-4004-AA87-4096BA5FF7A4}
	EndGlobalSection
EndGlobal
